// !$*UTF8*$!
{
	archiveVersion = 1;
	classes = {
	};
	objectVersion = 50;
	objects = {

/* Begin PBXBuildFile section */
		55379E4397E960E390E0EC64 /* Pods_RSPageControl.framework in Frameworks */ = {isa = PBXBuildFile; fileRef = 5B6052182A7D70B65C019B9A /* Pods_RSPageControl.framework */; };
		6444870F22375A140040AF3E /* AppDelegate.swift in Sources */ = {isa = PBXBuildFile; fileRef = 6444870E22375A140040AF3E /* AppDelegate.swift */; };
		6444871122375A140040AF3E /* ViewController.swift in Sources */ = {isa = PBXBuildFile; fileRef = 6444871022375A140040AF3E /* ViewController.swift */; };
		6444871422375A140040AF3E /* Main.storyboard in Resources */ = {isa = PBXBuildFile; fileRef = 6444871222375A140040AF3E /* Main.storyboard */; };
		6444871622375A150040AF3E /* Assets.xcassets in Resources */ = {isa = PBXBuildFile; fileRef = 6444871522375A150040AF3E /* Assets.xcassets */; };
		6444871922375A150040AF3E /* LaunchScreen.storyboard in Resources */ = {isa = PBXBuildFile; fileRef = 6444871722375A150040AF3E /* LaunchScreen.storyboard */; };
		6444872322375F930040AF3E /* RSCycleScrollView.swift in Sources */ = {isa = PBXBuildFile; fileRef = 6444872222375F930040AF3E /* RSCycleScrollView.swift */; };
/* End PBXBuildFile section */

/* Begin PBXFileReference section */
		2D0F0138F5660811DDAB639F /* Pods-RSPageControl.release.xcconfig */ = {isa = PBXFileReference; includeInIndex = 1; lastKnownFileType = text.xcconfig; name = "Pods-RSPageControl.release.xcconfig"; path = "Target Support Files/Pods-RSPageControl/Pods-RSPageControl.release.xcconfig"; sourceTree = "<group>"; };
		5B6052182A7D70B65C019B9A /* Pods_RSPageControl.framework */ = {isa = PBXFileReference; explicitFileType = wrapper.framework; includeInIndex = 0; path = Pods_RSPageControl.framework; sourceTree = BUILT_PRODUCTS_DIR; };
		6444870B22375A140040AF3E /* RSPageControl.app */ = {isa = PBXFileReference; explicitFileType = wrapper.application; includeInIndex = 0; path = RSPageControl.app; sourceTree = BUILT_PRODUCTS_DIR; };
		6444870E22375A140040AF3E /* AppDelegate.swift */ = {isa = PBXFileReference; lastKnownFileType = sourcecode.swift; path = AppDelegate.swift; sourceTree = "<group>"; };
		6444871022375A140040AF3E /* ViewController.swift */ = {isa = PBXFileReference; lastKnownFileType = sourcecode.swift; path = ViewController.swift; sourceTree = "<group>"; };
		6444871322375A140040AF3E /* Base */ = {isa = PBXFileReference; lastKnownFileType = file.storyboard; name = Base; path = Base.lproj/Main.storyboard; sourceTree = "<group>"; };
		6444871522375A150040AF3E /* Assets.xcassets */ = {isa = PBXFileReference; lastKnownFileType = folder.assetcatalog; path = Assets.xcassets; sourceTree = "<group>"; };
		6444871822375A150040AF3E /* Base */ = {isa = PBXFileReference; lastKnownFileType = file.storyboard; name = Base; path = Base.lproj/LaunchScreen.storyboard; sourceTree = "<group>"; };
		6444871A22375A150040AF3E /* Info.plist */ = {isa = PBXFileReference; lastKnownFileType = text.plist.xml; path = Info.plist; sourceTree = "<group>"; };
		6444872222375F930040AF3E /* RSCycleScrollView.swift */ = {isa = PBXFileReference; lastKnownFileType = sourcecode.swift; path = RSCycleScrollView.swift; sourceTree = "<group>"; };
		FE891B6587A1D9AAE6DA2FB8 /* Pods-RSPageControl.debug.xcconfig */ = {isa = PBXFileReference; includeInIndex = 1; lastKnownFileType = text.xcconfig; name = "Pods-RSPageControl.debug.xcconfig"; path = "Target Support Files/Pods-RSPageControl/Pods-RSPageControl.debug.xcconfig"; sourceTree = "<group>"; };
/* End PBXFileReference section */

/* Begin PBXFrameworksBuildPhase section */
		6444870822375A140040AF3E /* Frameworks */ = {
			isa = PBXFrameworksBuildPhase;
			buildActionMask = 2147483647;
			files = (
				55379E4397E960E390E0EC64 /* Pods_RSPageControl.framework in Frameworks */,
			);
			runOnlyForDeploymentPostprocessing = 0;
		};
/* End PBXFrameworksBuildPhase section */

/* Begin PBXGroup section */
		2A8D91086594652427D8BCB2 /* Frameworks */ = {
			isa = PBXGroup;
			children = (
				5B6052182A7D70B65C019B9A /* Pods_RSPageControl.framework */,
			);
			name = Frameworks;
			sourceTree = "<group>";
		};
		6444870222375A140040AF3E = {
			isa = PBXGroup;
			children = (
				6444870D22375A140040AF3E /* RSPageControl */,
				6444870C22375A140040AF3E /* Products */,
				D91E5B3A65514A966617AB46 /* Pods */,
				2A8D91086594652427D8BCB2 /* Frameworks */,
			);
			sourceTree = "<group>";
		};
		6444870C22375A140040AF3E /* Products */ = {
			isa = PBXGroup;
			children = (
				6444870B22375A140040AF3E /* RSPageControl.app */,
			);
			name = Products;
			sourceTree = "<group>";
		};
		6444870D22375A140040AF3E /* RSPageControl */ = {
			isa = PBXGroup;
			children = (
				6444870E22375A140040AF3E /* AppDelegate.swift */,
				6444871022375A140040AF3E /* ViewController.swift */,
				6444871222375A140040AF3E /* Main.storyboard */,
				6444871522375A150040AF3E /* Assets.xcassets */,
				6444871722375A150040AF3E /* LaunchScreen.storyboard */,
				6444871A22375A150040AF3E /* Info.plist */,
				6444872222375F930040AF3E /* RSCycleScrollView.swift */,
			);
			path = RSPageControl;
			sourceTree = "<group>";
		};
		D91E5B3A65514A966617AB46 /* Pods */ = {
			isa = PBXGroup;
			children = (
				FE891B6587A1D9AAE6DA2FB8 /* Pods-RSPageControl.debug.xcconfig */,
				2D0F0138F5660811DDAB639F /* Pods-RSPageControl.release.xcconfig */,
			);
			path = Pods;
			sourceTree = "<group>";
		};
/* End PBXGroup section */

/* Begin PBXNativeTarget section */
		6444870A22375A140040AF3E /* RSPageControl */ = {
			isa = PBXNativeTarget;
			buildConfigurationList = 6444871D22375A150040AF3E /* Build configuration list for PBXNativeTarget "RSPageControl" */;
			buildPhases = (
				3592A824BD9AFC99B08B6FB4 /* [CP] Check Pods Manifest.lock */,
				6444870722375A140040AF3E /* Sources */,
				6444870822375A140040AF3E /* Frameworks */,
				6444870922375A140040AF3E /* Resources */,
				0A67919034C0636B9DB3361D /* [CP] Embed Pods Frameworks */,
			);
			buildRules = (
			);
			dependencies = (
			);
			name = RSPageControl;
			productName = RSPageControl;
			productReference = 6444870B22375A140040AF3E /* RSPageControl.app */;
			productType = "com.apple.product-type.application";
		};
/* End PBXNativeTarget section */

/* Begin PBXProject section */
		6444870322375A140040AF3E /* Project object */ = {
			isa = PBXProject;
			attributes = {
				LastSwiftUpdateCheck = 1010;
				LastUpgradeCheck = 1010;
				ORGANIZATIONNAME = yuxiit;
				TargetAttributes = {
					6444870A22375A140040AF3E = {
						CreatedOnToolsVersion = 10.1;
					};
				};
			};
			buildConfigurationList = 6444870622375A140040AF3E /* Build configuration list for PBXProject "RSPageControl" */;
			compatibilityVersion = "Xcode 9.3";
			developmentRegion = en;
			hasScannedForEncodings = 0;
			knownRegions = (
				en,
				Base,
			);
			mainGroup = 6444870222375A140040AF3E;
			productRefGroup = 6444870C22375A140040AF3E /* Products */;
			projectDirPath = "";
			projectRoot = "";
			targets = (
				6444870A22375A140040AF3E /* RSPageControl */,
			);
		};
/* End PBXProject section */

/* Begin PBXResourcesBuildPhase section */
		6444870922375A140040AF3E /* Resources */ = {
			isa = PBXResourcesBuildPhase;
			buildActionMask = 2147483647;
			files = (
				6444871922375A150040AF3E /* LaunchScreen.storyboard in Resources */,
				6444871622375A150040AF3E /* Assets.xcassets in Resources */,
				6444871422375A140040AF3E /* Main.storyboard in Resources */,
			);
			runOnlyForDeploymentPostprocessing = 0;
		};
/* End PBXResourcesBuildPhase section */

/* Begin PBXShellScriptBuildPhase section */
		0A67919034C0636B9DB3361D /* [CP] Embed Pods Frameworks */ = {
			isa = PBXShellScriptBuildPhase;
			buildActionMask = 2147483647;
			files = (
			);
			inputFileListPaths = (
			);
			inputPaths = (
				"${PODS_ROOT}/Target Support Files/Pods-RSPageControl/Pods-RSPageControl-frameworks.sh",
				"${BUILT_PRODUCTS_DIR}/Kingfisher/Kingfisher.framework",
			);
			name = "[CP] Embed Pods Frameworks";
			outputFileListPaths = (
			);
			outputPaths = (
				"${TARGET_BUILD_DIR}/${FRAMEWORKS_FOLDER_PATH}/Kingfisher.framework",
			);
			runOnlyForDeploymentPostprocessing = 0;
			shellPath = /bin/sh;
			shellScript = "\"${PODS_ROOT}/Target Support Files/Pods-RSPageControl/Pods-RSPageControl-frameworks.sh\"\n";
			showEnvVarsInLog = 0;
		};
		3592A824BD9AFC99B08B6FB4 /* [CP] Check Pods Manifest.lock */ = {
			isa = PBXShellScriptBuildPhase;
			buildActionMask = 2147483647;
			files = (
			);
			inputFileListPaths = (
			);
			inputPaths = (
				"${PODS_PODFILE_DIR_PATH}/Podfile.lock",
				"${PODS_ROOT}/Manifest.lock",
			);
			name = "[CP] Check Pods Manifest.lock";
			outputFileListPaths = (
			);
			outputPaths = (
				"$(DERIVED_FILE_DIR)/Pods-RSPageControl-checkManifestLockResult.txt",
			);
			runOnlyForDeploymentPostprocessing = 0;
			shellPath = /bin/sh;
			shellScript = "diff \"${PODS_PODFILE_DIR_PATH}/Podfile.lock\" \"${PODS_ROOT}/Manifest.lock\" > /dev/null\nif [ $? != 0 ] ; then\n    # print error to STDERR\n    echo \"error: The sandbox is not in sync with the Podfile.lock. Run 'pod install' or update your CocoaPods installation.\" >&2\n    exit 1\nfi\n# This output is used by Xcode 'outputs' to avoid re-running this script phase.\necho \"SUCCESS\" > \"${SCRIPT_OUTPUT_FILE_0}\"\n";
			showEnvVarsInLog = 0;
		};
/* End PBXShellScriptBuildPhase section */

/* Begin PBXSourcesBuildPhase section */
		6444870722375A140040AF3E /* Sources */ = {
			isa = PBXSourcesBuildPhase;
			buildActionMask = 2147483647;
			files = (
				6444871122375A140040AF3E /* ViewController.swift in Sources */,
				6444870F22375A140040AF3E /* AppDelegate.swift in Sources */,
				6444872322375F930040AF3E /* RSCycleScrollView.swift in Sources */,
			);
			runOnlyForDeploymentPostprocessing = 0;
		};
/* End PBXSourcesBuildPhase section */

/* Begin PBXVariantGroup section */
		6444871222375A140040AF3E /* Main.storyboard */ = {
			isa = PBXVariantGroup;
			children = (
				6444871322375A140040AF3E /* Base */,
			);
			name = Main.storyboard;
			sourceTree = "<group>";
		};
		6444871722375A150040AF3E /* LaunchScreen.storyboard */ = {
			isa = PBXVariantGroup;
			children = (
				6444871822375A150040AF3E /* Base */,
			);
			name = LaunchScreen.storyboard;
			sourceTree = "<group>";
		};
/* End PBXVariantGroup section */

/* Begin XCBuildConfiguration section */
		6444871B22375A150040AF3E /* Debug */ = {
			isa = XCBuildConfiguration;
			buildSettings = {
				ALWAYS_SEARCH_USER_PATHS = NO;
				CLANG_ANALYZER_NONNULL = YES;
				CLANG_ANALYZER_NUMBER_OBJECT_CONVERSION = YES_AGGRESSIVE;
				CLANG_CXX_LANGUAGE_STANDARD = "gnu++14";
				CLANG_CXX_LIBRARY = "libc++";
				CLANG_ENABLE_MODULES = YES;
				CLANG_ENABLE_OBJC_ARC = YES;
				CLANG_ENABLE_OBJC_WEAK = YES;
				CLANG_WARN_BLOCK_CAPTURE_AUTORELEASING = YES;
				CLANG_WARN_BOOL_CONVERSION = YES;
				CLANG_WARN_COMMA = YES;
				CLANG_WARN_CONSTANT_CONVERSION = YES;
				CLANG_WARN_DEPRECATED_OBJC_IMPLEMENTATIONS = YES;
				CLANG_WARN_DIRECT_OBJC_ISA_USAGE = YES_ERROR;
				CLANG_WARN_DOCUMENTATION_COMMENTS = YES;
				CLANG_WARN_EMPTY_BODY = YES;
				CLANG_WARN_ENUM_CONVERSION = YES;
				CLANG_WARN_INFINITE_RECURSION = YES;
				CLANG_WARN_INT_CONVERSION = YES;
				CLANG_WARN_NON_LITERAL_NULL_CONVERSION = YES;
				CLANG_WARN_OBJC_IMPLICIT_RETAIN_SELF = YES;
				CLANG_WARN_OBJC_LITERAL_CONVERSION = YES;
				CLANG_WARN_OBJC_ROOT_CLASS = YES_ERROR;
				CLANG_WARN_RANGE_LOOP_ANALYSIS = YES;
				CLANG_WARN_STRICT_PROTOTYPES = YES;
				CLANG_WARN_SUSPICIOUS_MOVE = YES;
				CLANG_WARN_UNGUARDED_AVAILABILITY = YES_AGGRESSIVE;
				CLANG_WARN_UNREACHABLE_CODE = YES;
				CLANG_WARN__DUPLICATE_METHOD_MATCH = YES;
				CODE_SIGN_IDENTITY = "iPhone Developer";
				COPY_PHASE_STRIP = NO;
				DEBUG_INFORMATION_FORMAT = dwarf;
				ENABLE_STRICT_OBJC_MSGSEND = YES;
				ENABLE_TESTABILITY = YES;
				GCC_C_LANGUAGE_STANDARD = gnu11;
				GCC_DYNAMIC_NO_PIC = NO;
				GCC_NO_COMMON_BLOCKS = YES;
				GCC_OPTIMIZATION_LEVEL = 0;
				GCC_PREPROCESSOR_DEFINITIONS = (
					"DEBUG=1",
					"$(inherited)",
				);
				GCC_WARN_64_TO_32_BIT_CONVERSION = YES;
				GCC_WARN_ABOUT_RETURN_TYPE = YES_ERROR;
				GCC_WARN_UNDECLARED_SELECTOR = YES;
				GCC_WARN_UNINITIALIZED_AUTOS = YES_AGGRESSIVE;
				GCC_WARN_UNUSED_FUNCTION = YES;
				GCC_WARN_UNUSED_VARIABLE = YES;
				IPHONEOS_DEPLOYMENT_TARGET = 12.1;
				MTL_ENABLE_DEBUG_INFO = INCLUDE_SOURCE;
				MTL_FAST_MATH = YES;
				ONLY_ACTIVE_ARCH = YES;
				SDKROOT = iphoneos;
				SWIFT_ACTIVE_COMPILATION_CONDITIONS = DEBUG;
				SWIFT_OPTIMIZATION_LEVEL = "-Onone";
			};
			name = Debug;
		};
		6444871C22375A150040AF3E /* Release */ = {
			isa = XCBuildConfiguration;
			buildSettings = {
				ALWAYS_SEARCH_USER_PATHS = NO;
				CLANG_ANALYZER_NONNULL = YES;
				CLANG_ANALYZER_NUMBER_OBJECT_CONVERSION = YES_AGGRESSIVE;
				CLANG_CXX_LANGUAGE_STANDARD = "gnu++14";
				CLANG_CXX_LIBRARY = "libc++";
				CLANG_ENABLE_MODULES = YES;
				CLANG_ENABLE_OBJC_ARC = YES;
				CLANG_ENABLE_OBJC_WEAK = YES;
				CLANG_WARN_BLOCK_CAPTURE_AUTORELEASING = YES;
				CLANG_WARN_BOOL_CONVERSION = YES;
				CLANG_WARN_COMMA = YES;
				CLANG_WARN_CONSTANT_CONVERSION = YES;
				CLANG_WARN_DEPRECATED_OBJC_IMPLEMENTATIONS = YES;
				CLANG_WARN_DIRECT_OBJC_ISA_USAGE = YES_ERROR;
				CLANG_WARN_DOCUMENTATION_COMMENTS = YES;
				CLANG_WARN_EMPTY_BODY = YES;
				CLANG_WARN_ENUM_CONVERSION = YES;
				CLANG_WARN_INFINITE_RECURSION = YES;
				CLANG_WARN_INT_CONVERSION = YES;
				CLANG_WARN_NON_LITERAL_NULL_CONVERSION = YES;
				CLANG_WARN_OBJC_IMPLICIT_RETAIN_SELF = YES;
				CLANG_WARN_OBJC_LITERAL_CONVERSION = YES;
				CLANG_WARN_OBJC_ROOT_CLASS = YES_ERROR;
				CLANG_WARN_RANGE_LOOP_ANALYSIS = YES;
				CLANG_WARN_STRICT_PROTOTYPES = YES;
				CLANG_WARN_SUSPICIOUS_MOVE = YES;
				CLANG_WARN_UNGUARDED_AVAILABILITY = YES_AGGRESSIVE;
				CLANG_WARN_UNREACHABLE_CODE = YES;
				CLANG_WARN__DUPLICATE_METHOD_MATCH = YES;
				CODE_SIGN_IDENTITY = "iPhone Developer";
				COPY_PHASE_STRIP = NO;
				DEBUG_INFORMATION_FORMAT = "dwarf-with-dsym";
				ENABLE_NS_ASSERTIONS = NO;
				ENABLE_STRICT_OBJC_MSGSEND = YES;
				GCC_C_LANGUAGE_STANDARD = gnu11;
				GCC_NO_COMMON_BLOCKS = YES;
				GCC_WARN_64_TO_32_BIT_CONVERSION = YES;
				GCC_WARN_ABOUT_RETURN_TYPE = YES_ERROR;
				GCC_WARN_UNDECLARED_SELECTOR = YES;
				GCC_WARN_UNINITIALIZED_AUTOS = YES_AGGRESSIVE;
				GCC_WARN_UNUSED_FUNCTION = YES;
				GCC_WARN_UNUSED_VARIABLE = YES;
				IPHONEOS_DEPLOYMENT_TARGET = 12.1;
				MTL_ENABLE_DEBUG_INFO = NO;
				MTL_FAST_MATH = YES;
				SDKROOT = iphoneos;
				SWIFT_COMPILATION_MODE = wholemodule;
				SWIFT_OPTIMIZATION_LEVEL = "-O";
				VALIDATE_PRODUCT = YES;
			};
			name = Release;
		};
		6444871E22375A150040AF3E /* Debug */ = {
			isa = XCBuildConfiguration;
			baseConfigurationReference = FE891B6587A1D9AAE6DA2FB8 /* Pods-RSPageControl.debug.xcconfig */;
			buildSettings = {
				ASSETCATALOG_COMPILER_APPICON_NAME = AppIcon;
				CODE_SIGN_STYLE = Automatic;
				DEVELOPMENT_TEAM = V237PMY47P;
				INFOPLIST_FILE = RSPageControl/Info.plist;
				LD_RUNPATH_SEARCH_PATHS = (
					"$(inherited)",
					"@executable_path/Frameworks",
				);
				PRODUCT_BUNDLE_IDENTIFIER = cn.RSPageControl;
				PRODUCT_NAME = "$(TARGET_NAME)";
				SWIFT_VERSION = 4.2;
				TARGETED_DEVICE_FAMILY = "1,2";
			};
			name = Debug;
		};
		6444871F22375A150040AF3E /* Release */ = {
			isa = XCBuildConfiguration;
			baseConfigurationReference = 2D0F0138F5660811DDAB639F /* Pods-RSPageControl.release.xcconfig */;
			buildSettings = {
				ASSETCATALOG_COMPILER_APPICON_NAME = AppIcon;
				CODE_SIGN_STYLE = Automatic;
				DEVELOPMENT_TEAM = V237PMY47P;
				INFOPLIST_FILE = RSPageControl/Info.plist;
				LD_RUNPATH_SEARCH_PATHS = (
					"$(inherited)",
					"@executable_path/Frameworks",
				);
				PRODUCT_BUNDLE_IDENTIFIER = cn.RSPageControl;
				PRODUCT_NAME = "$(TARGET_NAME)";
				SWIFT_VERSION = 4.2;
				TARGETED_DEVICE_FAMILY = "1,2";
			};
			name = Release;
		};
/* End XCBuildConfiguration section */

/* Begin XCConfigurationList section */
		6444870622375A140040AF3E /* Build configuration list for PBXProject "RSPageControl" */ = {
			isa = XCConfigurationList;
			buildConfigurations = (
				6444871B22375A150040AF3E /* Debug */,
				6444871C22375A150040AF3E /* Release */,
			);
			defaultConfigurationIsVisible = 0;
			defaultConfigurationName = Release;
		};
		6444871D22375A150040AF3E /* Build configuration list for PBXNativeTarget "RSPageControl" */ = {
			isa = XCConfigurationList;
			buildConfigurations = (
				6444871E22375A150040AF3E /* Debug */,
				6444871F22375A150040AF3E /* Release */,
			);
			defaultConfigurationIsVisible = 0;
			defaultConfigurationName = Release;
		};
/* End XCConfigurationList section */
	};
	rootObject = 6444870322375A140040AF3E /* Project object */;
}
